
Microsoft Visual Studio Solution File, Format Version 12.00
# Visual Studio Version 16
VisualStudioVersion = 16.0.33927.289
MinimumVisualStudioVersion = 10.0.40219.1
Project("{FAE04EC0-301F-11D3-BF4B-00C04F79EFBC}") = "BookStore.API", "BookStore.API\BookStore.API.csproj", "{4E168EFA-C0D0-49B0-ABAD-BA7366AE303C}"
EndProject
Global
	GlobalSection(SolutionConfigurationPlatforms) = preSolution
		Debug|Any CPU = Debug|Any CPU
		Release|Any CPU = Release|Any CPU
	EndGlobalSection
	GlobalSection(ProjectConfigurationPlatforms) = postSolution
		{4E168EFA-C0D0-49B0-ABAD-BA7366AE303C}.Debug|Any CPU.ActiveCfg = Debug|Any CPU
		{4E168EFA-C0D0-49B0-ABAD-BA7366AE303C}.Debug|Any CPU.Build.0 = Debug|Any CPU
		{4E168EFA-C0D0-49B0-ABAD-BA7366AE303C}.Release|Any CPU.ActiveCfg = Release|Any CPU
		{4E168EFA-C0D0-49B0-ABAD-BA7366AE303C}.Release|Any CPU.Build.0 = Release|Any CPU
	EndGlobalSection
	GlobalSection(SolutionProperties) = preSolution
		HideSolutionNode = FALSE
	EndGlobalSection
	GlobalSection(ExtensibilityGlobals) = postSolution
		SolutionGuid = {7E3B4CF2-DEA2-428D-8DE2-98781143669E}
	EndGlobalSection
EndGlobal
